
Microsoft Visual Studio Solution File, Format Version 12.00
# Visual Studio 15
VisualStudioVersion = 15.0.26430.16
MinimumVisualStudioVersion = 10.0.40219.1
Project("{FAE04EC0-301F-11D3-BF4B-00C04F79EFBC}") = "SucLib", "Framework\SucLib\SucLib.csproj", "{C65ED8BB-DB5E-4D66-884F-AC30769707D8}"
EndProject
Project("{FAE04EC0-301F-11D3-BF4B-00C04F79EFBC}") = "CodeGeneration", "Framework\CodeGeneration\CodeGeneration.csproj", "{5FB86B65-D935-4C53-8880-BF90EF224F4E}"
EndProject
Project("{FAE04EC0-301F-11D3-BF4B-00C04F79EFBC}") = "Common", "Framework\Common\Common.csproj", "{E3D8759A-C5EB-402D-9F10-F5C6029A8D1A}"
EndProject
Project("{FAE04EC0-301F-11D3-BF4B-00C04F79EFBC}") = "ControlExs", "Framework\ControlExs\ControlExs.csproj", "{05CC89B6-EF40-490F-A663-228AE6468776}"
EndProject
Project("{FAE04EC0-301F-11D3-BF4B-00C04F79EFBC}") = "DBUtility", "Framework\DBUtility\DBUtility.csproj", "{0988C62E-247F-471F-A183-DB509C7A3839}"
EndProject
Project("{2150E333-8FDC-42A3-9474-1A3956D46DE8}") = "Framework", "Framework", "{79B271A6-24B7-4315-874D-69FB3D474503}"
EndProject
Project("{FAE04EC0-301F-11D3-BF4B-00C04F79EFBC}") = "AESHelper", "Console\AESHelper\AESHelper.csproj", "{C0169641-F7FD-44FB-B867-FC45380B3EFA}"
EndProject
Project("{FAE04EC0-301F-11D3-BF4B-00C04F79EFBC}") = "ConsoleApplication1", "Console\ConsoleApplication1\ConsoleApplication1.csproj", "{48C163A8-1382-40B3-A342-A8F036186511}"
EndProject
Project("{FAE04EC0-301F-11D3-BF4B-00C04F79EFBC}") = "ConsoleApplicationDoctor", "Console\ConsoleApplicationDoctor\ConsoleApplicationDoctor.csproj", "{F5D2915C-028B-429F-9925-C5749C109EDA}"
EndProject
Project("{FAE04EC0-301F-11D3-BF4B-00C04F79EFBC}") = "ConsoleHttpClient", "Console\ConsoleHttpClient\ConsoleHttpClient.csproj", "{2C8B8D27-26E8-4BB8-BF59-5AB26F0C4556}"
EndProject
Project("{FAE04EC0-301F-11D3-BF4B-00C04F79EFBC}") = "DoctorLibrary", "Console\DoctorLibrary\DoctorLibrary.csproj", "{A0FB353B-2410-4951-A485-015DE157EB35}"
EndProject
Project("{FAE04EC0-301F-11D3-BF4B-00C04F79EFBC}") = "Linq", "Console\Linq\Linq.csproj", "{7B5BA28B-ABEF-4164-BAE7-615D53A0E8DC}"
EndProject
Project("{FAE04EC0-301F-11D3-BF4B-00C04F79EFBC}") = "MiniHttpServer", "Console\MiniHttpServer\MiniHttpServer.csproj", "{72404A1B-768B-472E-959F-0A66F50B84B4}"
EndProject
Project("{2150E333-8FDC-42A3-9474-1A3956D46DE8}") = "Console", "Console", "{E13D6DB1-F7CA-4C00-B6C6-0BACABE26525}"
EndProject
Project("{FAE04EC0-301F-11D3-BF4B-00C04F79EFBC}") = "BootstrapUI", "Web\BootstrapUI\BootstrapUI.csproj", "{4D47320E-0EDC-4023-AE4E-18F16FBA2FF3}"
EndProject
Project("{FAE04EC0-301F-11D3-BF4B-00C04F79EFBC}") = "JPushService", "Web\JPushService\JPushService.csproj", "{24EFEE90-6DCD-4637-B6E7-03AC97F9A7EA}"
EndProject
Project("{FAE04EC0-301F-11D3-BF4B-00C04F79EFBC}") = "Lucence.Net", "Web\Lucence.Net\Lucence.Net.csproj", "{1564E873-7A62-4428-A65A-68B913D1D0F9}"
EndProject
Project("{FAE04EC0-301F-11D3-BF4B-00C04F79EFBC}") = "MvcApplication", "Web\MvcApplication\MvcApplication.csproj", "{B0A01071-F5DE-4EEA-B626-458D13EB901F}"
EndProject
Project("{FAE04EC0-301F-11D3-BF4B-00C04F79EFBC}") = "TestWebService", "Web\TestWebService\TestWebService.csproj", "{AEE22C19-4A4C-4AEE-BA74-4AB7B8C78ECA}"
EndProject
Project("{FAE04EC0-301F-11D3-BF4B-00C04F79EFBC}") = "WebApplication1", "Web\WebApplication1\WebApplication1.csproj", "{73838328-844B-4180-97CF-B4202B1198A7}"
EndProject
Project("{FAE04EC0-301F-11D3-BF4B-00C04F79EFBC}") = "YanDaoMSF", "Web\YanDaoMSF\YanDaoMSF.csproj", "{39795942-8D2C-466D-B0E7-004841223E73}"
EndProject
Project("{2150E333-8FDC-42A3-9474-1A3956D46DE8}") = "Web.Ui", "Web.Ui", "{6D626812-6D5A-4B35-B2BE-34CE0076A8AA}"
EndProject
Project("{FAE04EC0-301F-11D3-BF4B-00C04F79EFBC}") = "Calc", "WinForm\Calc\Calc.csproj", "{96714372-C35D-40E8-8B5D-2980CBCED762}"
EndProject
Project("{FAE04EC0-301F-11D3-BF4B-00C04F79EFBC}") = "ESEncrypt", "WinForm\ESEncrypt\ESEncrypt.csproj", "{6E266DE9-60B5-4CC1-8769-4A213559C553}"
EndProject
Project("{FAE04EC0-301F-11D3-BF4B-00C04F79EFBC}") = "WindowsFormsApplication1", "WinForm\WindowsFormsApplication1\WindowsFormsApplication1.csproj", "{2FC8985F-3C0D-458B-93FE-FE35EFE90EE6}"
EndProject
Project("{FAE04EC0-301F-11D3-BF4B-00C04F79EFBC}") = "WinForm_ZSY", "WinForm\WinForm_ZSY\WinForm_ZSY.csproj", "{B4027BA1-AB08-438A-8D34-01BD73ECD842}"
EndProject
Project("{FAE04EC0-301F-11D3-BF4B-00C04F79EFBC}") = "WpfApplication1", "WinForm\WpfApplication1\WpfApplication1.csproj", "{56FB51F6-3A45-4FE9-819D-3705A8E0045D}"
EndProject
Project("{2150E333-8FDC-42A3-9474-1A3956D46DE8}") = "Winform", "Winform", "{22F11C2F-F013-46DD-9440-84291DCB363B}"
EndProject
Project("{FAE04EC0-301F-11D3-BF4B-00C04F79EFBC}") = "WebApiDemo", "WebApiDemo\WebApiDemo.csproj", "{D0FBB611-2491-42F8-BE7C-616CA9311FC2}"
EndProject
Project("{FAE04EC0-301F-11D3-BF4B-00C04F79EFBC}") = "ConsoleNina", "ConsoleNina\ConsoleNina.csproj", "{D9883033-CD6D-4714-A20E-169BFC001861}"
EndProject
Project("{FAE04EC0-301F-11D3-BF4B-00C04F79EFBC}") = "LifeAccountServices", "LifeAccountServices\LifeAccountServices.csproj", "{B7B6A311-FAD0-469D-AF2C-82732E430FEF}"
EndProject
Project("{FAE04EC0-301F-11D3-BF4B-00C04F79EFBC}") = "WindowsFormsQRCode", "WindowsFormsQRCode\WindowsFormsQRCode.csproj", "{F5D3F5D9-A5E6-4792-B8AF-543501703613}"
EndProject
Project("{FAE04EC0-301F-11D3-BF4B-00C04F79EFBC}") = "Web_ThreadOpeartion", "Web_ThreadOpeartion\Web_ThreadOpeartion.csproj", "{919072BA-51B9-49E0-ACEF-CA45CC890B4E}"
EndProject
Project("{FAE04EC0-301F-11D3-BF4B-00C04F79EFBC}") = "Poco", "Poco\Poco.csproj", "{9B49CC2E-83B7-4D83-8E15-86F5B8D0B8F2}"
EndProject
Project("{FAE04EC0-301F-11D3-BF4B-00C04F79EFBC}") = "BarCodeGenerate", "BarCodeGenerate\BarCodeGenerate.csproj", "{6135FC0D-4428-4980-A73A-6C16F0F3FF61}"
EndProject
Project("{FAE04EC0-301F-11D3-BF4B-00C04F79EFBC}") = "OracleFromBase", "OracleFromBase\OracleFromBase.csproj", "{DBB163F8-A54F-443E-BAF3-5EEF4ABAAD82}"
EndProject
Project("{FAE04EC0-301F-11D3-BF4B-00C04F79EFBC}") = "Zombiers", "Zombiers\Zombiers.csproj", "{D81C1004-21A6-43D0-8DA6-04BE1D2F5426}"
EndProject
Project("{FAE04EC0-301F-11D3-BF4B-00C04F79EFBC}") = "MailTest", "MailTest\MailTest.csproj", "{8BD58313-F654-4CA0-9709-F78A54217457}"
EndProject
Project("{2150E333-8FDC-42A3-9474-1A3956D46DE8}") = "Data", "Data", "{E73F8A8F-74DB-44FC-974C-A7EC6ECB3079}"
EndProject
Project("{FAE04EC0-301F-11D3-BF4B-00C04F79EFBC}") = "DataLayer", "DataLayer\DataLayer.csproj", "{8503209B-A044-427A-9FD0-60D29A432780}"
EndProject
Project("{FAE04EC0-301F-11D3-BF4B-00C04F79EFBC}") = "LayUi", "LayUi\LayUi.csproj", "{7CBF8DE1-7E0F-4FCC-890E-9D6019803700}"
EndProject
Global
	GlobalSection(SolutionConfigurationPlatforms) = preSolution
		Debug|Any CPU = Debug|Any CPU
		Debug|x86 = Debug|x86
		Release|Any CPU = Release|Any CPU
		Release|x86 = Release|x86
	EndGlobalSection
	GlobalSection(ProjectConfigurationPlatforms) = postSolution
		{C65ED8BB-DB5E-4D66-884F-AC30769707D8}.Debug|Any CPU.ActiveCfg = Debug|Any CPU
		{C65ED8BB-DB5E-4D66-884F-AC30769707D8}.Debug|Any CPU.Build.0 = Debug|Any CPU
		{C65ED8BB-DB5E-4D66-884F-AC30769707D8}.Debug|x86.ActiveCfg = Debug|Any CPU
		{C65ED8BB-DB5E-4D66-884F-AC30769707D8}.Debug|x86.Build.0 = Debug|Any CPU
		{C65ED8BB-DB5E-4D66-884F-AC30769707D8}.Release|Any CPU.ActiveCfg = Release|Any CPU
		{C65ED8BB-DB5E-4D66-884F-AC30769707D8}.Release|Any CPU.Build.0 = Release|Any CPU
		{C65ED8BB-DB5E-4D66-884F-AC30769707D8}.Release|x86.ActiveCfg = Release|Any CPU
		{C65ED8BB-DB5E-4D66-884F-AC30769707D8}.Release|x86.Build.0 = Release|Any CPU
		{5FB86B65-D935-4C53-8880-BF90EF224F4E}.Debug|Any CPU.ActiveCfg = Debug|Any CPU
		{5FB86B65-D935-4C53-8880-BF90EF224F4E}.Debug|Any CPU.Build.0 = Debug|Any CPU
		{5FB86B65-D935-4C53-8880-BF90EF224F4E}.Debug|x86.ActiveCfg = Debug|Any CPU
		{5FB86B65-D935-4C53-8880-BF90EF224F4E}.Debug|x86.Build.0 = Debug|Any CPU
		{5FB86B65-D935-4C53-8880-BF90EF224F4E}.Release|Any CPU.ActiveCfg = Release|Any CPU
		{5FB86B65-D935-4C53-8880-BF90EF224F4E}.Release|Any CPU.Build.0 = Release|Any CPU
		{5FB86B65-D935-4C53-8880-BF90EF224F4E}.Release|x86.ActiveCfg = Release|Any CPU
		{5FB86B65-D935-4C53-8880-BF90EF224F4E}.Release|x86.Build.0 = Release|Any CPU
		{E3D8759A-C5EB-402D-9F10-F5C6029A8D1A}.Debug|Any CPU.ActiveCfg = Debug|Any CPU
		{E3D8759A-C5EB-402D-9F10-F5C6029A8D1A}.Debug|Any CPU.Build.0 = Debug|Any CPU
		{E3D8759A-C5EB-402D-9F10-F5C6029A8D1A}.Debug|x86.ActiveCfg = Debug|Any CPU
		{E3D8759A-C5EB-402D-9F10-F5C6029A8D1A}.Debug|x86.Build.0 = Debug|Any CPU
		{E3D8759A-C5EB-402D-9F10-F5C6029A8D1A}.Release|Any CPU.ActiveCfg = Release|Any CPU
		{E3D8759A-C5EB-402D-9F10-F5C6029A8D1A}.Release|Any CPU.Build.0 = Release|Any CPU
		{E3D8759A-C5EB-402D-9F10-F5C6029A8D1A}.Release|x86.ActiveCfg = Release|Any CPU
		{E3D8759A-C5EB-402D-9F10-F5C6029A8D1A}.Release|x86.Build.0 = Release|Any CPU
		{05CC89B6-EF40-490F-A663-228AE6468776}.Debug|Any CPU.ActiveCfg = Debug|x86
		{05CC89B6-EF40-490F-A663-228AE6468776}.Debug|x86.ActiveCfg = Debug|x86
		{05CC89B6-EF40-490F-A663-228AE6468776}.Debug|x86.Build.0 = Debug|x86
		{05CC89B6-EF40-490F-A663-228AE6468776}.Release|Any CPU.ActiveCfg = Release|x86
		{05CC89B6-EF40-490F-A663-228AE6468776}.Release|x86.ActiveCfg = Release|x86
		{05CC89B6-EF40-490F-A663-228AE6468776}.Release|x86.Build.0 = Release|x86
		{0988C62E-247F-471F-A183-DB509C7A3839}.Debug|Any CPU.ActiveCfg = Debug|Any CPU
		{0988C62E-247F-471F-A183-DB509C7A3839}.Debug|Any CPU.Build.0 = Debug|Any CPU
		{0988C62E-247F-471F-A183-DB509C7A3839}.Debug|x86.ActiveCfg = Debug|Any CPU
		{0988C62E-247F-471F-A183-DB509C7A3839}.Debug|x86.Build.0 = Debug|Any CPU
		{0988C62E-247F-471F-A183-DB509C7A3839}.Release|Any CPU.ActiveCfg = Release|Any CPU
		{0988C62E-247F-471F-A183-DB509C7A3839}.Release|Any CPU.Build.0 = Release|Any CPU
		{0988C62E-247F-471F-A183-DB509C7A3839}.Release|x86.ActiveCfg = Release|Any CPU
		{0988C62E-247F-471F-A183-DB509C7A3839}.Release|x86.Build.0 = Release|Any CPU
		{C0169641-F7FD-44FB-B867-FC45380B3EFA}.Debug|Any CPU.ActiveCfg = Debug|Any CPU
		{C0169641-F7FD-44FB-B867-FC45380B3EFA}.Debug|Any CPU.Build.0 = Debug|Any CPU
		{C0169641-F7FD-44FB-B867-FC45380B3EFA}.Debug|x86.ActiveCfg = Debug|Any CPU
		{C0169641-F7FD-44FB-B867-FC45380B3EFA}.Debug|x86.Build.0 = Debug|Any CPU
		{C0169641-F7FD-44FB-B867-FC45380B3EFA}.Release|Any CPU.ActiveCfg = Release|Any CPU
		{C0169641-F7FD-44FB-B867-FC45380B3EFA}.Release|Any CPU.Build.0 = Release|Any CPU
		{C0169641-F7FD-44FB-B867-FC45380B3EFA}.Release|x86.ActiveCfg = Release|Any CPU
		{C0169641-F7FD-44FB-B867-FC45380B3EFA}.Release|x86.Build.0 = Release|Any CPU
		{48C163A8-1382-40B3-A342-A8F036186511}.Debug|Any CPU.ActiveCfg = Debug|Any CPU
		{48C163A8-1382-40B3-A342-A8F036186511}.Debug|Any CPU.Build.0 = Debug|Any CPU
		{48C163A8-1382-40B3-A342-A8F036186511}.Debug|x86.ActiveCfg = Debug|Any CPU
		{48C163A8-1382-40B3-A342-A8F036186511}.Debug|x86.Build.0 = Debug|Any CPU
		{48C163A8-1382-40B3-A342-A8F036186511}.Release|Any CPU.ActiveCfg = Release|Any CPU
		{48C163A8-1382-40B3-A342-A8F036186511}.Release|Any CPU.Build.0 = Release|Any CPU
		{48C163A8-1382-40B3-A342-A8F036186511}.Release|x86.ActiveCfg = Release|Any CPU
		{48C163A8-1382-40B3-A342-A8F036186511}.Release|x86.Build.0 = Release|Any CPU
		{F5D2915C-028B-429F-9925-C5749C109EDA}.Debug|Any CPU.ActiveCfg = Debug|Any CPU
		{F5D2915C-028B-429F-9925-C5749C109EDA}.Debug|Any CPU.Build.0 = Debug|Any CPU
		{F5D2915C-028B-429F-9925-C5749C109EDA}.Debug|x86.ActiveCfg = Debug|Any CPU
		{F5D2915C-028B-429F-9925-C5749C109EDA}.Debug|x86.Build.0 = Debug|Any CPU
		{F5D2915C-028B-429F-9925-C5749C109EDA}.Release|Any CPU.ActiveCfg = Release|Any CPU
		{F5D2915C-028B-429F-9925-C5749C109EDA}.Release|Any CPU.Build.0 = Release|Any CPU
		{F5D2915C-028B-429F-9925-C5749C109EDA}.Release|x86.ActiveCfg = Release|Any CPU
		{F5D2915C-028B-429F-9925-C5749C109EDA}.Release|x86.Build.0 = Release|Any CPU
		{2C8B8D27-26E8-4BB8-BF59-5AB26F0C4556}.Debug|Any CPU.ActiveCfg = Debug|Any CPU
		{2C8B8D27-26E8-4BB8-BF59-5AB26F0C4556}.Debug|Any CPU.Build.0 = Debug|Any CPU
		{2C8B8D27-26E8-4BB8-BF59-5AB26F0C4556}.Debug|x86.ActiveCfg = Debug|Any CPU
		{2C8B8D27-26E8-4BB8-BF59-5AB26F0C4556}.Debug|x86.Build.0 = Debug|Any CPU
		{2C8B8D27-26E8-4BB8-BF59-5AB26F0C4556}.Release|Any CPU.ActiveCfg = Release|Any CPU
		{2C8B8D27-26E8-4BB8-BF59-5AB26F0C4556}.Release|Any CPU.Build.0 = Release|Any CPU
		{2C8B8D27-26E8-4BB8-BF59-5AB26F0C4556}.Release|x86.ActiveCfg = Release|Any CPU
		{2C8B8D27-26E8-4BB8-BF59-5AB26F0C4556}.Release|x86.Build.0 = Release|Any CPU
		{A0FB353B-2410-4951-A485-015DE157EB35}.Debug|Any CPU.ActiveCfg = Debug|Any CPU
		{A0FB353B-2410-4951-A485-015DE157EB35}.Debug|Any CPU.Build.0 = Debug|Any CPU
		{A0FB353B-2410-4951-A485-015DE157EB35}.Debug|x86.ActiveCfg = Debug|Any CPU
		{A0FB353B-2410-4951-A485-015DE157EB35}.Debug|x86.Build.0 = Debug|Any CPU
		{A0FB353B-2410-4951-A485-015DE157EB35}.Release|Any CPU.ActiveCfg = Release|Any CPU
		{A0FB353B-2410-4951-A485-015DE157EB35}.Release|Any CPU.Build.0 = Release|Any CPU
		{A0FB353B-2410-4951-A485-015DE157EB35}.Release|x86.ActiveCfg = Release|Any CPU
		{A0FB353B-2410-4951-A485-015DE157EB35}.Release|x86.Build.0 = Release|Any CPU
		{7B5BA28B-ABEF-4164-BAE7-615D53A0E8DC}.Debug|Any CPU.ActiveCfg = Debug|Any CPU
		{7B5BA28B-ABEF-4164-BAE7-615D53A0E8DC}.Debug|Any CPU.Build.0 = Debug|Any CPU
		{7B5BA28B-ABEF-4164-BAE7-615D53A0E8DC}.Debug|x86.ActiveCfg = Debug|Any CPU
		{7B5BA28B-ABEF-4164-BAE7-615D53A0E8DC}.Debug|x86.Build.0 = Debug|Any CPU
		{7B5BA28B-ABEF-4164-BAE7-615D53A0E8DC}.Release|Any CPU.ActiveCfg = Release|Any CPU
		{7B5BA28B-ABEF-4164-BAE7-615D53A0E8DC}.Release|Any CPU.Build.0 = Release|Any CPU
		{7B5BA28B-ABEF-4164-BAE7-615D53A0E8DC}.Release|x86.ActiveCfg = Release|Any CPU
		{7B5BA28B-ABEF-4164-BAE7-615D53A0E8DC}.Release|x86.Build.0 = Release|Any CPU
		{72404A1B-768B-472E-959F-0A66F50B84B4}.Debug|Any CPU.ActiveCfg = Debug|Any CPU
		{72404A1B-768B-472E-959F-0A66F50B84B4}.Debug|Any CPU.Build.0 = Debug|Any CPU
		{72404A1B-768B-472E-959F-0A66F50B84B4}.Debug|x86.ActiveCfg = Debug|Any CPU
		{72404A1B-768B-472E-959F-0A66F50B84B4}.Debug|x86.Build.0 = Debug|Any CPU
		{72404A1B-768B-472E-959F-0A66F50B84B4}.Release|Any CPU.ActiveCfg = Release|Any CPU
		{72404A1B-768B-472E-959F-0A66F50B84B4}.Release|Any CPU.Build.0 = Release|Any CPU
		{72404A1B-768B-472E-959F-0A66F50B84B4}.Release|x86.ActiveCfg = Release|Any CPU
		{72404A1B-768B-472E-959F-0A66F50B84B4}.Release|x86.Build.0 = Release|Any CPU
		{4D47320E-0EDC-4023-AE4E-18F16FBA2FF3}.Debug|Any CPU.ActiveCfg = Debug|Any CPU
		{4D47320E-0EDC-4023-AE4E-18F16FBA2FF3}.Debug|Any CPU.Build.0 = Debug|Any CPU
		{4D47320E-0EDC-4023-AE4E-18F16FBA2FF3}.Debug|x86.ActiveCfg = Debug|Any CPU
		{4D47320E-0EDC-4023-AE4E-18F16FBA2FF3}.Debug|x86.Build.0 = Debug|Any CPU
		{4D47320E-0EDC-4023-AE4E-18F16FBA2FF3}.Release|Any CPU.ActiveCfg = Release|Any CPU
		{4D47320E-0EDC-4023-AE4E-18F16FBA2FF3}.Release|Any CPU.Build.0 = Release|Any CPU
		{4D47320E-0EDC-4023-AE4E-18F16FBA2FF3}.Release|x86.ActiveCfg = Release|Any CPU
		{4D47320E-0EDC-4023-AE4E-18F16FBA2FF3}.Release|x86.Build.0 = Release|Any CPU
		{24EFEE90-6DCD-4637-B6E7-03AC97F9A7EA}.Debug|Any CPU.ActiveCfg = Debug|Any CPU
		{24EFEE90-6DCD-4637-B6E7-03AC97F9A7EA}.Debug|Any CPU.Build.0 = Debug|Any CPU
		{24EFEE90-6DCD-4637-B6E7-03AC97F9A7EA}.Debug|x86.ActiveCfg = Debug|Any CPU
		{24EFEE90-6DCD-4637-B6E7-03AC97F9A7EA}.Debug|x86.Build.0 = Debug|Any CPU
		{24EFEE90-6DCD-4637-B6E7-03AC97F9A7EA}.Release|Any CPU.ActiveCfg = Release|Any CPU
		{24EFEE90-6DCD-4637-B6E7-03AC97F9A7EA}.Release|Any CPU.Build.0 = Release|Any CPU
		{24EFEE90-6DCD-4637-B6E7-03AC97F9A7EA}.Release|x86.ActiveCfg = Release|Any CPU
		{24EFEE90-6DCD-4637-B6E7-03AC97F9A7EA}.Release|x86.Build.0 = Release|Any CPU
		{1564E873-7A62-4428-A65A-68B913D1D0F9}.Debug|Any CPU.ActiveCfg = Debug|Any CPU
		{1564E873-7A62-4428-A65A-68B913D1D0F9}.Debug|Any CPU.Build.0 = Debug|Any CPU
		{1564E873-7A62-4428-A65A-68B913D1D0F9}.Debug|x86.ActiveCfg = Debug|Any CPU
		{1564E873-7A62-4428-A65A-68B913D1D0F9}.Debug|x86.Build.0 = Debug|Any CPU
		{1564E873-7A62-4428-A65A-68B913D1D0F9}.Release|Any CPU.ActiveCfg = Release|Any CPU
		{1564E873-7A62-4428-A65A-68B913D1D0F9}.Release|Any CPU.Build.0 = Release|Any CPU
		{1564E873-7A62-4428-A65A-68B913D1D0F9}.Release|x86.ActiveCfg = Release|Any CPU
		{1564E873-7A62-4428-A65A-68B913D1D0F9}.Release|x86.Build.0 = Release|Any CPU
		{B0A01071-F5DE-4EEA-B626-458D13EB901F}.Debug|Any CPU.ActiveCfg = Debug|Any CPU
		{B0A01071-F5DE-4EEA-B626-458D13EB901F}.Debug|Any CPU.Build.0 = Debug|Any CPU
		{B0A01071-F5DE-4EEA-B626-458D13EB901F}.Debug|x86.ActiveCfg = Debug|Any CPU
		{B0A01071-F5DE-4EEA-B626-458D13EB901F}.Debug|x86.Build.0 = Debug|Any CPU
		{B0A01071-F5DE-4EEA-B626-458D13EB901F}.Release|Any CPU.ActiveCfg = Release|Any CPU
		{B0A01071-F5DE-4EEA-B626-458D13EB901F}.Release|Any CPU.Build.0 = Release|Any CPU
		{B0A01071-F5DE-4EEA-B626-458D13EB901F}.Release|x86.ActiveCfg = Release|Any CPU
		{B0A01071-F5DE-4EEA-B626-458D13EB901F}.Release|x86.Build.0 = Release|Any CPU
		{AEE22C19-4A4C-4AEE-BA74-4AB7B8C78ECA}.Debug|Any CPU.ActiveCfg = Debug|Any CPU
		{AEE22C19-4A4C-4AEE-BA74-4AB7B8C78ECA}.Debug|Any CPU.Build.0 = Debug|Any CPU
		{AEE22C19-4A4C-4AEE-BA74-4AB7B8C78ECA}.Debug|x86.ActiveCfg = Debug|Any CPU
		{AEE22C19-4A4C-4AEE-BA74-4AB7B8C78ECA}.Debug|x86.Build.0 = Debug|Any CPU
		{AEE22C19-4A4C-4AEE-BA74-4AB7B8C78ECA}.Release|Any CPU.ActiveCfg = Release|Any CPU
		{AEE22C19-4A4C-4AEE-BA74-4AB7B8C78ECA}.Release|Any CPU.Build.0 = Release|Any CPU
		{AEE22C19-4A4C-4AEE-BA74-4AB7B8C78ECA}.Release|x86.ActiveCfg = Release|Any CPU
		{AEE22C19-4A4C-4AEE-BA74-4AB7B8C78ECA}.Release|x86.Build.0 = Release|Any CPU
		{73838328-844B-4180-97CF-B4202B1198A7}.Debug|Any CPU.ActiveCfg = Debug|Any CPU
		{73838328-844B-4180-97CF-B4202B1198A7}.Debug|Any CPU.Build.0 = Debug|Any CPU
		{73838328-844B-4180-97CF-B4202B1198A7}.Debug|x86.ActiveCfg = Debug|Any CPU
		{73838328-844B-4180-97CF-B4202B1198A7}.Debug|x86.Build.0 = Debug|Any CPU
		{73838328-844B-4180-97CF-B4202B1198A7}.Release|Any CPU.ActiveCfg = Release|Any CPU
		{73838328-844B-4180-97CF-B4202B1198A7}.Release|Any CPU.Build.0 = Release|Any CPU
		{73838328-844B-4180-97CF-B4202B1198A7}.Release|x86.ActiveCfg = Release|Any CPU
		{73838328-844B-4180-97CF-B4202B1198A7}.Release|x86.Build.0 = Release|Any CPU
		{39795942-8D2C-466D-B0E7-004841223E73}.Debug|Any CPU.ActiveCfg = Debug|Any CPU
		{39795942-8D2C-466D-B0E7-004841223E73}.Debug|Any CPU.Build.0 = Debug|Any CPU
		{39795942-8D2C-466D-B0E7-004841223E73}.Debug|x86.ActiveCfg = Debug|Any CPU
		{39795942-8D2C-466D-B0E7-004841223E73}.Debug|x86.Build.0 = Debug|Any CPU
		{39795942-8D2C-466D-B0E7-004841223E73}.Release|Any CPU.ActiveCfg = Release|Any CPU
		{39795942-8D2C-466D-B0E7-004841223E73}.Release|Any CPU.Build.0 = Release|Any CPU
		{39795942-8D2C-466D-B0E7-004841223E73}.Release|x86.ActiveCfg = Release|Any CPU
		{39795942-8D2C-466D-B0E7-004841223E73}.Release|x86.Build.0 = Release|Any CPU
		{96714372-C35D-40E8-8B5D-2980CBCED762}.Debug|Any CPU.ActiveCfg = Debug|Any CPU
		{96714372-C35D-40E8-8B5D-2980CBCED762}.Debug|Any CPU.Build.0 = Debug|Any CPU
		{96714372-C35D-40E8-8B5D-2980CBCED762}.Debug|x86.ActiveCfg = Debug|Any CPU
		{96714372-C35D-40E8-8B5D-2980CBCED762}.Debug|x86.Build.0 = Debug|Any CPU
		{96714372-C35D-40E8-8B5D-2980CBCED762}.Release|Any CPU.ActiveCfg = Release|Any CPU
		{96714372-C35D-40E8-8B5D-2980CBCED762}.Release|Any CPU.Build.0 = Release|Any CPU
		{96714372-C35D-40E8-8B5D-2980CBCED762}.Release|x86.ActiveCfg = Release|Any CPU
		{96714372-C35D-40E8-8B5D-2980CBCED762}.Release|x86.Build.0 = Release|Any CPU
		{6E266DE9-60B5-4CC1-8769-4A213559C553}.Debug|Any CPU.ActiveCfg = Debug|Any CPU
		{6E266DE9-60B5-4CC1-8769-4A213559C553}.Debug|Any CPU.Build.0 = Debug|Any CPU
		{6E266DE9-60B5-4CC1-8769-4A213559C553}.Debug|x86.ActiveCfg = Debug|Any CPU
		{6E266DE9-60B5-4CC1-8769-4A213559C553}.Debug|x86.Build.0 = Debug|Any CPU
		{6E266DE9-60B5-4CC1-8769-4A213559C553}.Release|Any CPU.ActiveCfg = Release|Any CPU
		{6E266DE9-60B5-4CC1-8769-4A213559C553}.Release|Any CPU.Build.0 = Release|Any CPU
		{6E266DE9-60B5-4CC1-8769-4A213559C553}.Release|x86.ActiveCfg = Release|Any CPU
		{6E266DE9-60B5-4CC1-8769-4A213559C553}.Release|x86.Build.0 = Release|Any CPU
		{2FC8985F-3C0D-458B-93FE-FE35EFE90EE6}.Debug|Any CPU.ActiveCfg = Debug|Any CPU
		{2FC8985F-3C0D-458B-93FE-FE35EFE90EE6}.Debug|Any CPU.Build.0 = Debug|Any CPU
		{2FC8985F-3C0D-458B-93FE-FE35EFE90EE6}.Debug|x86.ActiveCfg = Debug|Any CPU
		{2FC8985F-3C0D-458B-93FE-FE35EFE90EE6}.Debug|x86.Build.0 = Debug|Any CPU
		{2FC8985F-3C0D-458B-93FE-FE35EFE90EE6}.Release|Any CPU.ActiveCfg = Release|Any CPU
		{2FC8985F-3C0D-458B-93FE-FE35EFE90EE6}.Release|Any CPU.Build.0 = Release|Any CPU
		{2FC8985F-3C0D-458B-93FE-FE35EFE90EE6}.Release|x86.ActiveCfg = Release|Any CPU
		{2FC8985F-3C0D-458B-93FE-FE35EFE90EE6}.Release|x86.Build.0 = Release|Any CPU
		{B4027BA1-AB08-438A-8D34-01BD73ECD842}.Debug|Any CPU.ActiveCfg = Debug|Any CPU
		{B4027BA1-AB08-438A-8D34-01BD73ECD842}.Debug|Any CPU.Build.0 = Debug|Any CPU
		{B4027BA1-AB08-438A-8D34-01BD73ECD842}.Debug|x86.ActiveCfg = Debug|Any CPU
		{B4027BA1-AB08-438A-8D34-01BD73ECD842}.Debug|x86.Build.0 = Debug|Any CPU
		{B4027BA1-AB08-438A-8D34-01BD73ECD842}.Release|Any CPU.ActiveCfg = Release|Any CPU
		{B4027BA1-AB08-438A-8D34-01BD73ECD842}.Release|Any CPU.Build.0 = Release|Any CPU
		{B4027BA1-AB08-438A-8D34-01BD73ECD842}.Release|x86.ActiveCfg = Release|Any CPU
		{B4027BA1-AB08-438A-8D34-01BD73ECD842}.Release|x86.Build.0 = Release|Any CPU
		{56FB51F6-3A45-4FE9-819D-3705A8E0045D}.Debug|Any CPU.ActiveCfg = Debug|Any CPU
		{56FB51F6-3A45-4FE9-819D-3705A8E0045D}.Debug|Any CPU.Build.0 = Debug|Any CPU
		{56FB51F6-3A45-4FE9-819D-3705A8E0045D}.Debug|x86.ActiveCfg = Debug|Any CPU
		{56FB51F6-3A45-4FE9-819D-3705A8E0045D}.Debug|x86.Build.0 = Debug|Any CPU
		{56FB51F6-3A45-4FE9-819D-3705A8E0045D}.Release|Any CPU.ActiveCfg = Release|Any CPU
		{56FB51F6-3A45-4FE9-819D-3705A8E0045D}.Release|Any CPU.Build.0 = Release|Any CPU
		{56FB51F6-3A45-4FE9-819D-3705A8E0045D}.Release|x86.ActiveCfg = Release|Any CPU
		{56FB51F6-3A45-4FE9-819D-3705A8E0045D}.Release|x86.Build.0 = Release|Any CPU
		{D0FBB611-2491-42F8-BE7C-616CA9311FC2}.Debug|Any CPU.ActiveCfg = Debug|Any CPU
		{D0FBB611-2491-42F8-BE7C-616CA9311FC2}.Debug|Any CPU.Build.0 = Debug|Any CPU
		{D0FBB611-2491-42F8-BE7C-616CA9311FC2}.Debug|x86.ActiveCfg = Debug|Any CPU
		{D0FBB611-2491-42F8-BE7C-616CA9311FC2}.Debug|x86.Build.0 = Debug|Any CPU
		{D0FBB611-2491-42F8-BE7C-616CA9311FC2}.Release|Any CPU.ActiveCfg = Release|Any CPU
		{D0FBB611-2491-42F8-BE7C-616CA9311FC2}.Release|Any CPU.Build.0 = Release|Any CPU
		{D0FBB611-2491-42F8-BE7C-616CA9311FC2}.Release|x86.ActiveCfg = Release|Any CPU
		{D0FBB611-2491-42F8-BE7C-616CA9311FC2}.Release|x86.Build.0 = Release|Any CPU
		{D9883033-CD6D-4714-A20E-169BFC001861}.Debug|Any CPU.ActiveCfg = Debug|Any CPU
		{D9883033-CD6D-4714-A20E-169BFC001861}.Debug|Any CPU.Build.0 = Debug|Any CPU
		{D9883033-CD6D-4714-A20E-169BFC001861}.Debug|x86.ActiveCfg = Debug|Any CPU
		{D9883033-CD6D-4714-A20E-169BFC001861}.Debug|x86.Build.0 = Debug|Any CPU
		{D9883033-CD6D-4714-A20E-169BFC001861}.Release|Any CPU.ActiveCfg = Release|Any CPU
		{D9883033-CD6D-4714-A20E-169BFC001861}.Release|Any CPU.Build.0 = Release|Any CPU
		{D9883033-CD6D-4714-A20E-169BFC001861}.Release|x86.ActiveCfg = Release|Any CPU
		{D9883033-CD6D-4714-A20E-169BFC001861}.Release|x86.Build.0 = Release|Any CPU
		{B7B6A311-FAD0-469D-AF2C-82732E430FEF}.Debug|Any CPU.ActiveCfg = Debug|Any CPU
		{B7B6A311-FAD0-469D-AF2C-82732E430FEF}.Debug|Any CPU.Build.0 = Debug|Any CPU
		{B7B6A311-FAD0-469D-AF2C-82732E430FEF}.Debug|x86.ActiveCfg = Debug|Any CPU
		{B7B6A311-FAD0-469D-AF2C-82732E430FEF}.Debug|x86.Build.0 = Debug|Any CPU
		{B7B6A311-FAD0-469D-AF2C-82732E430FEF}.Release|Any CPU.ActiveCfg = Release|Any CPU
		{B7B6A311-FAD0-469D-AF2C-82732E430FEF}.Release|Any CPU.Build.0 = Release|Any CPU
		{B7B6A311-FAD0-469D-AF2C-82732E430FEF}.Release|x86.ActiveCfg = Release|Any CPU
		{B7B6A311-FAD0-469D-AF2C-82732E430FEF}.Release|x86.Build.0 = Release|Any CPU
		{F5D3F5D9-A5E6-4792-B8AF-543501703613}.Debug|Any CPU.ActiveCfg = Debug|Any CPU
		{F5D3F5D9-A5E6-4792-B8AF-543501703613}.Debug|Any CPU.Build.0 = Debug|Any CPU
		{F5D3F5D9-A5E6-4792-B8AF-543501703613}.Debug|x86.ActiveCfg = Debug|Any CPU
		{F5D3F5D9-A5E6-4792-B8AF-543501703613}.Debug|x86.Build.0 = Debug|Any CPU
		{F5D3F5D9-A5E6-4792-B8AF-543501703613}.Release|Any CPU.ActiveCfg = Release|Any CPU
		{F5D3F5D9-A5E6-4792-B8AF-543501703613}.Release|Any CPU.Build.0 = Release|Any CPU
		{F5D3F5D9-A5E6-4792-B8AF-543501703613}.Release|x86.ActiveCfg = Release|Any CPU
		{F5D3F5D9-A5E6-4792-B8AF-543501703613}.Release|x86.Build.0 = Release|Any CPU
		{919072BA-51B9-49E0-ACEF-CA45CC890B4E}.Debug|Any CPU.ActiveCfg = Debug|Any CPU
		{919072BA-51B9-49E0-ACEF-CA45CC890B4E}.Debug|Any CPU.Build.0 = Debug|Any CPU
		{919072BA-51B9-49E0-ACEF-CA45CC890B4E}.Debug|x86.ActiveCfg = Debug|Any CPU
		{919072BA-51B9-49E0-ACEF-CA45CC890B4E}.Debug|x86.Build.0 = Debug|Any CPU
		{919072BA-51B9-49E0-ACEF-CA45CC890B4E}.Release|Any CPU.ActiveCfg = Release|Any CPU
		{919072BA-51B9-49E0-ACEF-CA45CC890B4E}.Release|Any CPU.Build.0 = Release|Any CPU
		{919072BA-51B9-49E0-ACEF-CA45CC890B4E}.Release|x86.ActiveCfg = Release|Any CPU
		{919072BA-51B9-49E0-ACEF-CA45CC890B4E}.Release|x86.Build.0 = Release|Any CPU
		{9B49CC2E-83B7-4D83-8E15-86F5B8D0B8F2}.Debug|Any CPU.ActiveCfg = Debug|Any CPU
		{9B49CC2E-83B7-4D83-8E15-86F5B8D0B8F2}.Debug|Any CPU.Build.0 = Debug|Any CPU
		{9B49CC2E-83B7-4D83-8E15-86F5B8D0B8F2}.Debug|x86.ActiveCfg = Debug|Any CPU
		{9B49CC2E-83B7-4D83-8E15-86F5B8D0B8F2}.Debug|x86.Build.0 = Debug|Any CPU
		{9B49CC2E-83B7-4D83-8E15-86F5B8D0B8F2}.Release|Any CPU.ActiveCfg = Release|Any CPU
		{9B49CC2E-83B7-4D83-8E15-86F5B8D0B8F2}.Release|Any CPU.Build.0 = Release|Any CPU
		{9B49CC2E-83B7-4D83-8E15-86F5B8D0B8F2}.Release|x86.ActiveCfg = Release|Any CPU
		{9B49CC2E-83B7-4D83-8E15-86F5B8D0B8F2}.Release|x86.Build.0 = Release|Any CPU
		{6135FC0D-4428-4980-A73A-6C16F0F3FF61}.Debug|Any CPU.ActiveCfg = Debug|Any CPU
		{6135FC0D-4428-4980-A73A-6C16F0F3FF61}.Debug|Any CPU.Build.0 = Debug|Any CPU
		{6135FC0D-4428-4980-A73A-6C16F0F3FF61}.Debug|x86.ActiveCfg = Debug|Any CPU
		{6135FC0D-4428-4980-A73A-6C16F0F3FF61}.Debug|x86.Build.0 = Debug|Any CPU
		{6135FC0D-4428-4980-A73A-6C16F0F3FF61}.Release|Any CPU.ActiveCfg = Release|Any CPU
		{6135FC0D-4428-4980-A73A-6C16F0F3FF61}.Release|Any CPU.Build.0 = Release|Any CPU
		{6135FC0D-4428-4980-A73A-6C16F0F3FF61}.Release|x86.ActiveCfg = Release|Any CPU
		{6135FC0D-4428-4980-A73A-6C16F0F3FF61}.Release|x86.Build.0 = Release|Any CPU
		{DBB163F8-A54F-443E-BAF3-5EEF4ABAAD82}.Debug|Any CPU.ActiveCfg = Debug|Any CPU
		{DBB163F8-A54F-443E-BAF3-5EEF4ABAAD82}.Debug|Any CPU.Build.0 = Debug|Any CPU
		{DBB163F8-A54F-443E-BAF3-5EEF4ABAAD82}.Debug|x86.ActiveCfg = Debug|Any CPU
		{DBB163F8-A54F-443E-BAF3-5EEF4ABAAD82}.Debug|x86.Build.0 = Debug|Any CPU
		{DBB163F8-A54F-443E-BAF3-5EEF4ABAAD82}.Release|Any CPU.ActiveCfg = Release|Any CPU
		{DBB163F8-A54F-443E-BAF3-5EEF4ABAAD82}.Release|Any CPU.Build.0 = Release|Any CPU
		{DBB163F8-A54F-443E-BAF3-5EEF4ABAAD82}.Release|x86.ActiveCfg = Release|Any CPU
		{DBB163F8-A54F-443E-BAF3-5EEF4ABAAD82}.Release|x86.Build.0 = Release|Any CPU
		{D81C1004-21A6-43D0-8DA6-04BE1D2F5426}.Debug|Any CPU.ActiveCfg = Debug|Any CPU
		{D81C1004-21A6-43D0-8DA6-04BE1D2F5426}.Debug|Any CPU.Build.0 = Debug|Any CPU
		{D81C1004-21A6-43D0-8DA6-04BE1D2F5426}.Debug|x86.ActiveCfg = Debug|Any CPU
		{D81C1004-21A6-43D0-8DA6-04BE1D2F5426}.Debug|x86.Build.0 = Debug|Any CPU
		{D81C1004-21A6-43D0-8DA6-04BE1D2F5426}.Release|Any CPU.ActiveCfg = Release|Any CPU
		{D81C1004-21A6-43D0-8DA6-04BE1D2F5426}.Release|Any CPU.Build.0 = Release|Any CPU
		{D81C1004-21A6-43D0-8DA6-04BE1D2F5426}.Release|x86.ActiveCfg = Release|Any CPU
		{D81C1004-21A6-43D0-8DA6-04BE1D2F5426}.Release|x86.Build.0 = Release|Any CPU
		{8BD58313-F654-4CA0-9709-F78A54217457}.Debug|Any CPU.ActiveCfg = Debug|Any CPU
		{8BD58313-F654-4CA0-9709-F78A54217457}.Debug|Any CPU.Build.0 = Debug|Any CPU
		{8BD58313-F654-4CA0-9709-F78A54217457}.Debug|x86.ActiveCfg = Debug|Any CPU
		{8BD58313-F654-4CA0-9709-F78A54217457}.Debug|x86.Build.0 = Debug|Any CPU
		{8BD58313-F654-4CA0-9709-F78A54217457}.Release|Any CPU.ActiveCfg = Release|Any CPU
		{8BD58313-F654-4CA0-9709-F78A54217457}.Release|Any CPU.Build.0 = Release|Any CPU
		{8BD58313-F654-4CA0-9709-F78A54217457}.Release|x86.ActiveCfg = Release|Any CPU
		{8BD58313-F654-4CA0-9709-F78A54217457}.Release|x86.Build.0 = Release|Any CPU
		{8503209B-A044-427A-9FD0-60D29A432780}.Debug|Any CPU.ActiveCfg = Debug|Any CPU
		{8503209B-A044-427A-9FD0-60D29A432780}.Debug|Any CPU.Build.0 = Debug|Any CPU
		{8503209B-A044-427A-9FD0-60D29A432780}.Debug|x86.ActiveCfg = Debug|Any CPU
		{8503209B-A044-427A-9FD0-60D29A432780}.Debug|x86.Build.0 = Debug|Any CPU
		{8503209B-A044-427A-9FD0-60D29A432780}.Release|Any CPU.ActiveCfg = Release|Any CPU
		{8503209B-A044-427A-9FD0-60D29A432780}.Release|Any CPU.Build.0 = Release|Any CPU
		{8503209B-A044-427A-9FD0-60D29A432780}.Release|x86.ActiveCfg = Release|Any CPU
		{8503209B-A044-427A-9FD0-60D29A432780}.Release|x86.Build.0 = Release|Any CPU
		{7CBF8DE1-7E0F-4FCC-890E-9D6019803700}.Debug|Any CPU.ActiveCfg = Debug|Any CPU
		{7CBF8DE1-7E0F-4FCC-890E-9D6019803700}.Debug|Any CPU.Build.0 = Debug|Any CPU
		{7CBF8DE1-7E0F-4FCC-890E-9D6019803700}.Debug|x86.ActiveCfg = Debug|Any CPU
		{7CBF8DE1-7E0F-4FCC-890E-9D6019803700}.Debug|x86.Build.0 = Debug|Any CPU
		{7CBF8DE1-7E0F-4FCC-890E-9D6019803700}.Release|Any CPU.ActiveCfg = Release|Any CPU
		{7CBF8DE1-7E0F-4FCC-890E-9D6019803700}.Release|Any CPU.Build.0 = Release|Any CPU
		{7CBF8DE1-7E0F-4FCC-890E-9D6019803700}.Release|x86.ActiveCfg = Release|Any CPU
		{7CBF8DE1-7E0F-4FCC-890E-9D6019803700}.Release|x86.Build.0 = Release|Any CPU
	EndGlobalSection
	GlobalSection(SolutionProperties) = preSolution
		HideSolutionNode = FALSE
	EndGlobalSection
	GlobalSection(NestedProjects) = preSolution
		{C65ED8BB-DB5E-4D66-884F-AC30769707D8} = {79B271A6-24B7-4315-874D-69FB3D474503}
		{5FB86B65-D935-4C53-8880-BF90EF224F4E} = {79B271A6-24B7-4315-874D-69FB3D474503}
		{E3D8759A-C5EB-402D-9F10-F5C6029A8D1A} = {79B271A6-24B7-4315-874D-69FB3D474503}
		{05CC89B6-EF40-490F-A663-228AE6468776} = {79B271A6-24B7-4315-874D-69FB3D474503}
		{0988C62E-247F-471F-A183-DB509C7A3839} = {79B271A6-24B7-4315-874D-69FB3D474503}
		{C0169641-F7FD-44FB-B867-FC45380B3EFA} = {E13D6DB1-F7CA-4C00-B6C6-0BACABE26525}
		{48C163A8-1382-40B3-A342-A8F036186511} = {E13D6DB1-F7CA-4C00-B6C6-0BACABE26525}
		{F5D2915C-028B-429F-9925-C5749C109EDA} = {E13D6DB1-F7CA-4C00-B6C6-0BACABE26525}
		{2C8B8D27-26E8-4BB8-BF59-5AB26F0C4556} = {E13D6DB1-F7CA-4C00-B6C6-0BACABE26525}
		{A0FB353B-2410-4951-A485-015DE157EB35} = {E13D6DB1-F7CA-4C00-B6C6-0BACABE26525}
		{7B5BA28B-ABEF-4164-BAE7-615D53A0E8DC} = {E13D6DB1-F7CA-4C00-B6C6-0BACABE26525}
		{72404A1B-768B-472E-959F-0A66F50B84B4} = {E13D6DB1-F7CA-4C00-B6C6-0BACABE26525}
		{4D47320E-0EDC-4023-AE4E-18F16FBA2FF3} = {6D626812-6D5A-4B35-B2BE-34CE0076A8AA}
		{24EFEE90-6DCD-4637-B6E7-03AC97F9A7EA} = {6D626812-6D5A-4B35-B2BE-34CE0076A8AA}
		{1564E873-7A62-4428-A65A-68B913D1D0F9} = {6D626812-6D5A-4B35-B2BE-34CE0076A8AA}
		{B0A01071-F5DE-4EEA-B626-458D13EB901F} = {6D626812-6D5A-4B35-B2BE-34CE0076A8AA}
		{AEE22C19-4A4C-4AEE-BA74-4AB7B8C78ECA} = {6D626812-6D5A-4B35-B2BE-34CE0076A8AA}
		{73838328-844B-4180-97CF-B4202B1198A7} = {6D626812-6D5A-4B35-B2BE-34CE0076A8AA}
		{39795942-8D2C-466D-B0E7-004841223E73} = {6D626812-6D5A-4B35-B2BE-34CE0076A8AA}
		{96714372-C35D-40E8-8B5D-2980CBCED762} = {22F11C2F-F013-46DD-9440-84291DCB363B}
		{6E266DE9-60B5-4CC1-8769-4A213559C553} = {22F11C2F-F013-46DD-9440-84291DCB363B}
		{2FC8985F-3C0D-458B-93FE-FE35EFE90EE6} = {22F11C2F-F013-46DD-9440-84291DCB363B}
		{B4027BA1-AB08-438A-8D34-01BD73ECD842} = {22F11C2F-F013-46DD-9440-84291DCB363B}
		{56FB51F6-3A45-4FE9-819D-3705A8E0045D} = {22F11C2F-F013-46DD-9440-84291DCB363B}
		{D0FBB611-2491-42F8-BE7C-616CA9311FC2} = {6D626812-6D5A-4B35-B2BE-34CE0076A8AA}
		{D9883033-CD6D-4714-A20E-169BFC001861} = {E13D6DB1-F7CA-4C00-B6C6-0BACABE26525}
		{B7B6A311-FAD0-469D-AF2C-82732E430FEF} = {6D626812-6D5A-4B35-B2BE-34CE0076A8AA}
		{F5D3F5D9-A5E6-4792-B8AF-543501703613} = {22F11C2F-F013-46DD-9440-84291DCB363B}
		{919072BA-51B9-49E0-ACEF-CA45CC890B4E} = {6D626812-6D5A-4B35-B2BE-34CE0076A8AA}
		{9B49CC2E-83B7-4D83-8E15-86F5B8D0B8F2} = {22F11C2F-F013-46DD-9440-84291DCB363B}
		{6135FC0D-4428-4980-A73A-6C16F0F3FF61} = {22F11C2F-F013-46DD-9440-84291DCB363B}
		{DBB163F8-A54F-443E-BAF3-5EEF4ABAAD82} = {22F11C2F-F013-46DD-9440-84291DCB363B}
		{D81C1004-21A6-43D0-8DA6-04BE1D2F5426} = {22F11C2F-F013-46DD-9440-84291DCB363B}
		{8BD58313-F654-4CA0-9709-F78A54217457} = {E13D6DB1-F7CA-4C00-B6C6-0BACABE26525}
		{8503209B-A044-427A-9FD0-60D29A432780} = {E73F8A8F-74DB-44FC-974C-A7EC6ECB3079}
		{7CBF8DE1-7E0F-4FCC-890E-9D6019803700} = {6D626812-6D5A-4B35-B2BE-34CE0076A8AA}
	EndGlobalSection
EndGlobal
